{
  "name": "app",
  "version": "1.0.0",
  "lockfileVersion": 2,
  "requires": true,
  "packages": {
    "": {
      "name": "app",
      "version": "1.0.0",
      "dependencies": {
        "@octokit/core": "^7.0.6",
        "ioredis": "^5.9.2"
      }
    },
    "node_modules/@ioredis/commands": {
      "version": "1.5.0",
      "resolved": "https://registry.npmjs.org/@ioredis/commands/-/commands-1.5.0.tgz",
      "integrity": "sha512-eUgLqrMf8nJkZxT24JvVRrQya1vZkQh8BBeYNwGDqa5I0VUi8ACx7uFvAaLxintokpTenkK6DASvo/bvNbBGow=="
    },
    "node_modules/@octokit/auth-token": {
      "version": "6.0.0",
      "resolved": "https://registry.npmjs.org/@octokit/auth-token/-/auth-token-6.0.0.tgz",
      "integrity": "sha512-P4YJBPdPSpWTQ1NU4XYdvHvXJJDxM6YwpS0FZHRgP7YFkdVxsWcpWGy/NVqlAA7PcPCnMacXlRm1y2PFZRWL/w==",
      "license": "MIT",
      "engines": {
        "node": ">= 20"
      }
    },
    "node_modules/@octokit/core": {
      "version": "7.0.6",
      "resolved": "https://registry.npmjs.org/@octokit/core/-/core-7.0.6.tgz",
      "integrity": "sha512-DhGl4xMVFGVIyMwswXeyzdL4uXD5OGILGX5N8Y+f6W7LhC1Ze2poSNrkF/fedpVDHEEZ+PHFW0vL14I+mm8K3Q==",
      "dependencies": {
        "@octokit/auth-token": "^6.0.0",
        "@octokit/graphql": "^9.0.3",
        "@octokit/request": "^10.0.6",
        "@octokit/request-error": "^7.0.2",
        "@octokit/types": "^16.0.0",
        "before-after-hook": "^4.0.0",
        "universal-user-agent": "^7.0.0"
      },
      "engines": {
        "node": ">= 20"
      }
    },
    "node_modules/@octokit/endpoint": {
      "version": "11.0.2",
      "resolved": "https://registry.npmjs.org/@octokit/endpoint/-/endpoint-11.0.2.tgz",
      "integrity": "sha512-4zCpzP1fWc7QlqunZ5bSEjxc6yLAlRTnDwKtgXfcI/FxxGoqedDG8V2+xJ60bV2kODqcGB+nATdtap/XYq2NZQ==",
      "dependencies": {
        "@octokit/types": "^16.0.0",
        "universal-user-agent": "^7.0.2"
      },
      "engines": {
        "node": ">= 20"
      }
    },
    "node_modules/@octokit/graphql": {
      "version": "9.0.3",
      "resolved": "https://registry.npmjs.org/@octokit/graphql/-/graphql-9.0.3.tgz",
      "integrity": "sha512-grAEuupr/C1rALFnXTv6ZQhFuL1D8G5y8CN04RgrO4FIPMrtm+mcZzFG7dcBm+nq+1ppNixu+Jd78aeJOYxlGA==",
      "dependencies": {
        "@octokit/request": "^10.0.6",
        "@octokit/types": "^16.0.0",
        "universal-user-agent": "^7.0.0"
      },
      "engines": {
        "node": ">= 20"
      }
    },
    "node_modules/@octokit/openapi-types": {
      "version": "27.0.0",
      "resolved": "https://registry.npmjs.org/@octokit/openapi-types/-/openapi-types-27.0.0.tgz",
      "integrity": "sha512-whrdktVs1h6gtR+09+QsNk2+FO+49j6ga1c55YZudfEG+oKJVvJLQi3zkOm5JjiUXAagWK2tI2kTGKJ2Ys7MGA=="
    },
    "node_modules/@octokit/request": {
      "version": "10.0.6",
      "resolved": "https://registry.npmjs.org/@octokit/request/-/request-10.0.6.tgz",
      "integrity": "sha512-FO+UgZCUu+pPnZAR+iKdUt64kPE7QW7ciqpldaMXaNzixz5Jld8dJ31LAUewk0cfSRkNSRKyqG438ba9c/qDlQ==",
      "dependencies": {
        "@octokit/endpoint": "^11.0.2",
        "@octokit/request-error": "^7.0.2",
        "@octokit/types": "^16.0.0",
        "fast-content-type-parse": "^3.0.0",
        "universal-user-agent": "^7.0.2"
      },
      "engines": {
        "node": ">= 20"
      }
    },
    "node_modules/@octokit/request-error": {
      "version": "7.0.2",
      "resolved": "https://registry.npmjs.org/@octokit/request-error/-/request-error-7.0.2.tgz",
      "integrity": "sha512-U8piOROoQQUyExw5c6dTkU3GKxts5/ERRThIauNL7yaRoeXW0q/5bgHWT7JfWBw1UyrbK8ERId2wVkcB32n0uQ==",
      "dependencies": {
        "@octokit/types": "^16.0.0"
      },
      "engines": {
        "node": ">= 20"
      }
    },
    "node_modules/@octokit/types": {
      "version": "16.0.0",
      "resolved": "https://registry.npmjs.org/@octokit/types/-/types-16.0.0.tgz",
      "integrity": "sha512-sKq+9r1Mm4efXW1FCk7hFSeJo4QKreL/tTbR0rz/qx/r1Oa2VV83LTA/H/MuCOX7uCIJmQVRKBcbmWoySjAnSg==",
      "dependencies": {
        "@octokit/openapi-types": "^27.0.0"
      }
    },
    "node_modules/before-after-hook": {
      "version": "4.0.0",
      "resolved": "https://registry.npmjs.org/before-after-hook/-/before-after-hook-4.0.0.tgz",
      "integrity": "sha512-q6tR3RPqIB1pMiTRMFcZwuG5T8vwp+vUvEG0vuI6B+Rikh5BfPp2fQ82c925FOs+b0lcFQ8CFrL+KbilfZFhOQ==",
      "license": "Apache-2.0"
    },
    "node_modules/cluster-key-slot": {
      "version": "1.1.0",
      "resolved": "https://registry.npmjs.org/cluster-key-slot/-/cluster-key-slot-1.1.0.tgz",
      "integrity": "sha512-2Nii8p3RwAPiFwsnZvukotvow2rIHM+yQ6ZcBXGHdniadkYGZYiGmkHJIbZPIV9nfv7m/U1IPMVVcAhoWFeklw==",
      "engines": {
        "node": ">=0.10.0"
      }
    },
    "node_modules/debug": {
      "version": "4.3.4",
      "resolved": "https://registry.npmjs.org/debug/-/debug-4.3.4.tgz",
      "integrity": "sha512-PRWFHuSU3eDtQJPvnNY7Jcket1j0t5OuOsFzPPzsekD52Zl8qUfFIPEiswXqIvHWGVHOgX+7G/vCNNhehwxfkQ==",
      "dependencies": {
        "ms": "2.1.2"
      },
      "engines": {
        "node": ">=6.0"
      },
      "peerDependenciesMeta": {
        "supports-color": {
          "optional": true
        }
      }
    },
    "node_modules/denque": {
      "version": "2.1.0",
      "resolved": "https://registry.npmjs.org/denque/-/denque-2.1.0.tgz",
      "integrity": "sha512-HVQE3AAb/pxF8fQAoiqpvg9i3evqug3hoiwakOyZAwJm+6vZehbkYXZ0l4JxS+I3QxM97v5aaRNhj8v5oBhekw==",
      "engines": {
        "node": ">=0.10"
      }
    },
    "node_modules/fast-content-type-parse": {
      "version": "3.0.0",
      "resolved": "https://registry.npmjs.org/fast-content-type-parse/-/fast-content-type-parse-3.0.0.tgz",
      "integrity": "sha512-ZvLdcY8P+N8mGQJahJV5G4U88CSvT1rP8ApL6uETe88MBXrBHAkZlSEySdUlyztF7ccb+Znos3TFqaepHxdhBg==",
      "funding": [
        {
          "type": "github",
          "url": "https://github.com/sponsors/fastify"
        },
        {
          "type": "opencollective",
          "url": "https://opencollective.com/fastify"
        }
      ]
    },
    "node_modules/ioredis": {
      "version": "5.9.2",
      "resolved": "https://registry.npmjs.org/ioredis/-/ioredis-5.9.2.tgz",
      "integrity": "sha512-tAAg/72/VxOUW7RQSX1pIxJVucYKcjFjfvj60L57jrZpYCHC3XN0WCQ3sNYL4Gmvv+7GPvTAjc+KSdeNuE8oWQ==",
      "dependencies": {
        "@ioredis/commands": "1.5.0",
        "cluster-key-slot": "^1.1.0",
        "debug": "^4.3.4",
        "denque": "^2.1.0",
        "lodash.defaults": "^4.2.0",
        "lodash.isarguments": "^3.1.0",
        "redis-errors": "^1.2.0",
        "redis-parser": "^3.0.0",
        "standard-as-callback": "^2.1.0"
      },
      "engines": {
        "node": ">=12.22.0"
      },
      "funding": {
        "type": "opencollective",
        "url": "https://opencollective.com/ioredis"
      }
    },
    "node_modules/lodash.defaults": {
      "version": "4.2.0",
      "resolved": "https://registry.npmjs.org/lodash.defaults/-/lodash.defaults-4.2.0.tgz",
      "integrity": "sha1-0JF4cW/+pN3p5ft7N/bwgCJ0WAw="
    },
    "node_modules/lodash.isarguments": {
      "version": "3.1.0",
      "resolved": "https://registry.npmjs.org/lodash.isarguments/-/lodash.isarguments-3.1.0.tgz",
      "integrity": "sha1-L1c9hcaiQon/AGY7SRwdM4/zRYo="
    },
    "node_modules/ms": {
      "version": "2.1.2",
      "resolved": "https://registry.npmjs.org/ms/-/ms-2.1.2.tgz",
      "integrity": "sha512-sGkPx+VjMtmA6MX27oA4FBFELFCZZ4S4XqeGOXCv68tT+jb3vk/RyaKWP0PTKyWtmLSM0b+adUTEvbs1PEaH2w=="
    },
    "node_modules/redis-errors": {
      "version": "1.2.0",
      "resolved": "https://registry.npmjs.org/redis-errors/-/redis-errors-1.2.0.tgz",
      "integrity": "sha1-62LSrbFeTq9GEMBK/hUpOEJQq60=",
      "engines": {
        "node": ">=4"
      }
    },
    "node_modules/redis-parser": {
      "version": "3.0.0",
      "resolved": "https://registry.npmjs.org/redis-parser/-/redis-parser-3.0.0.tgz",
      "integrity": "sha1-tm2CjNyv5rS4pCin3vTGvKwxyLQ=",
      "dependencies": {
        "redis-errors": "^1.0.0"
      },
      "engines": {
        "node": ">=4"
      }
    },
    "node_modules/standard-as-callback": {
      "version": "2.1.0",
      "resolved": "https://registry.npmjs.org/standard-as-callback/-/standard-as-callback-2.1.0.tgz",
      "integrity": "sha512-qoRRSyROncaz1z0mvYqIE4lCd9p2R90i6GxW3uZv5ucSu8tU7B5HXUP1gG8pVZsYNVaXjk8ClXHPttLyxAL48A=="
    },
    "node_modules/universal-user-agent": {
      "version": "7.0.3",
      "resolved": "https://registry.npmjs.org/universal-user-agent/-/universal-user-agent-7.0.3.tgz",
      "integrity": "sha512-TmnEAEAsBJVZM/AADELsK76llnwcf9vMKuPz8JflO1frO8Lchitr0fNaN9d+Ap0BjKtqWqd/J17qeDnXh8CL2A=="
    }
  },
  "dependencies": {
    "@ioredis/commands": {
      "version": "1.5.0",
      "resolved": "https://registry.npmjs.org/@ioredis/commands/-/commands-1.5.0.tgz",
      "integrity": "sha512-eUgLqrMf8nJkZxT24JvVRrQya1vZkQh8BBeYNwGDqa5I0VUi8ACx7uFvAaLxintokpTenkK6DASvo/bvNbBGow=="
    },
    "@octokit/auth-token": {
      "version": "6.0.0",
      "resolved": "https://registry.npmjs.org/@octokit/auth-token/-/auth-token-6.0.0.tgz",
      "integrity": "sha512-P4YJBPdPSpWTQ1NU4XYdvHvXJJDxM6YwpS0FZHRgP7YFkdVxsWcpWGy/NVqlAA7PcPCnMacXlRm1y2PFZRWL/w=="
    },
    "@octokit/core": {
      "version": "7.0.6",
      "resolved": "https://registry.npmjs.org/@octokit/core/-/core-7.0.6.tgz",
      "integrity": "sha512-DhGl4xMVFGVIyMwswXeyzdL4uXD5OGILGX5N8Y+f6W7LhC1Ze2poSNrkF/fedpVDHEEZ+PHFW0vL14I+mm8K3Q==",
      "requires": {
        "@octokit/auth-token": "^6.0.0",
        "@octokit/graphql": "^9.0.3",
        "@octokit/request": "^10.0.6",
        "@octokit/request-error": "^7.0.2",
        "@octokit/types": "^16.0.0",
        "before-after-hook": "^4.0.0",
        "universal-user-agent": "^7.0.0"
      }
    },
    "@octokit/endpoint": {
      "version": "11.0.2",
      "resolved": "https://registry.npmjs.org/@octokit/endpoint/-/endpoint-11.0.2.tgz",
      "integrity": "sha512-4zCpzP1fWc7QlqunZ5bSEjxc6yLAlRTnDwKtgXfcI/FxxGoqedDG8V2+xJ60bV2kODqcGB+nATdtap/XYq2NZQ==",
      "requires": {
        "@octokit/types": "^16.0.0",
        "universal-user-agent": "^7.0.2"
      }
    },
    "@octokit/graphql": {
      "version": "9.0.3",
      "resolved": "https://registry.npmjs.org/@octokit/graphql/-/graphql-9.0.3.tgz",
      "integrity": "sha512-grAEuupr/C1rALFnXTv6ZQhFuL1D8G5y8CN04RgrO4FIPMrtm+mcZzFG7dcBm+nq+1ppNixu+Jd78aeJOYxlGA==",
      "requires": {
        "@octokit/request": "^10.0.6",
        "@octokit/types": "^16.0.0",
        "universal-user-agent": "^7.0.0"
      }
    },
    "@octokit/openapi-types": {
      "version": "27.0.0",
      "resolved": "https://registry.npmjs.org/@octokit/openapi-types/-/openapi-types-27.0.0.tgz",
      "integrity": "sha512-whrdktVs1h6gtR+09+QsNk2+FO+49j6ga1c55YZudfEG+oKJVvJLQi3zkOm5JjiUXAagWK2tI2kTGKJ2Ys7MGA=="
    },
    "@octokit/request": {
      "version": "10.0.6",
      "resolved": "https://registry.npmjs.org/@octokit/request/-/request-10.0.6.tgz",
      "integrity": "sha512-FO+UgZCUu+pPnZAR+iKdUt64kPE7QW7ciqpldaMXaNzixz5Jld8dJ31LAUewk0cfSRkNSRKyqG438ba9c/qDlQ==",
      "requires": {
        "@octokit/endpoint": "^11.0.2",
        "@octokit/request-error": "^7.0.2",
        "@octokit/types": "^16.0.0",
        "fast-content-type-parse": "^3.0.0",
        "universal-user-agent": "^7.0.2"
      }
    },
    "@octokit/request-error": {
      "version": "7.0.2",
      "resolved": "https://registry.npmjs.org/@octokit/request-error/-/request-error-7.0.2.tgz",
      "integrity": "sha512-U8piOROoQQUyExw5c6dTkU3GKxts5/ERRThIauNL7yaRoeXW0q/5bgHWT7JfWBw1UyrbK8ERId2wVkcB32n0uQ==",
      "requires": {
        "@octokit/types": "^16.0.0"
      }
    },
    "@octokit/types": {
      "version": "16.0.0",
      "resolved": "https://registry.npmjs.org/@octokit/types/-/types-16.0.0.tgz",
      "integrity": "sha512-sKq+9r1Mm4efXW1FCk7hFSeJo4QKreL/tTbR0rz/qx/r1Oa2VV83LTA/H/MuCOX7uCIJmQVRKBcbmWoySjAnSg==",
      "requires": {
        "@octokit/openapi-types": "^27.0.0"
      }
    },
    "before-after-hook": {
      "version": "4.0.0",
      "resolved": "https://registry.npmjs.org/before-after-hook/-/before-after-hook-4.0.0.tgz",
      "integrity": "sha512-q6tR3RPqIB1pMiTRMFcZwuG5T8vwp+vUvEG0vuI6B+Rikh5BfPp2fQ82c925FOs+b0lcFQ8CFrL+KbilfZFhOQ=="
    },
    "cluster-key-slot": {
      "version": "1.1.0",
      "resolved": "https://registry.npmjs.org/cluster-key-slot/-/cluster-key-slot-1.1.0.tgz",
      "integrity": "sha512-2Nii8p3RwAPiFwsnZvukotvow2rIHM+yQ6ZcBXGHdniadkYGZYiGmkHJIbZPIV9nfv7m/U1IPMVVcAhoWFeklw=="
    },
    "debug": {
      "version": "4.3.4",
      "resolved": "https://registry.npmjs.org/debug/-/debug-4.3.4.tgz",
      "integrity": "sha512-PRWFHuSU3eDtQJPvnNY7Jcket1j0t5OuOsFzPPzsekD52Zl8qUfFIPEiswXqIvHWGVHOgX+7G/vCNNhehwxfkQ==",
      "requires": {
        "ms": "2.1.2"
      }
    },
    "denque": {
      "version": "2.1.0",
      "resolved": "https://registry.npmjs.org/denque/-/denque-2.1.0.tgz",
      "integrity": "sha512-HVQE3AAb/pxF8fQAoiqpvg9i3evqug3hoiwakOyZAwJm+6vZehbkYXZ0l4JxS+I3QxM97v5aaRNhj8v5oBhekw=="
    },
    "fast-content-type-parse": {
      "version": "3.0.0",
      "resolved": "https://registry.npmjs.org/fast-content-type-parse/-/fast-content-type-parse-3.0.0.tgz",
      "integrity": "sha512-ZvLdcY8P+N8mGQJahJV5G4U88CSvT1rP8ApL6uETe88MBXrBHAkZlSEySdUlyztF7ccb+Znos3TFqaepHxdhBg=="
    },
    "ioredis": {
      "version": "5.9.2",
      "resolved": "https://registry.npmjs.org/ioredis/-/ioredis-5.9.2.tgz",
      "integrity": "sha512-tAAg/72/VxOUW7RQSX1pIxJVucYKcjFjfvj60L57jrZpYCHC3XN0WCQ3sNYL4Gmvv+7GPvTAjc+KSdeNuE8oWQ==",
      "requires": {
        "@ioredis/commands": "1.5.0",
        "cluster-key-slot": "^1.1.0",
        "debug": "^4.3.4",
        "denque": "^2.1.0",
        "lodash.defaults": "^4.2.0",
        "lodash.isarguments": "^3.1.0",
        "redis-errors": "^1.2.0",
        "redis-parser": "^3.0.0",
        "standard-as-callback": "^2.1.0"
      }
    },
    "lodash.defaults": {
      "version": "4.2.0",
      "resolved": "https://registry.npmjs.org/lodash.defaults/-/lodash.defaults-4.2.0.tgz",
      "integrity": "sha1-0JF4cW/+pN3p5ft7N/bwgCJ0WAw="
    },
    "lodash.isarguments": {
      "version": "3.1.0",
      "resolved": "https://registry.npmjs.org/lodash.isarguments/-/lodash.isarguments-3.1.0.tgz",
      "integrity": "sha1-L1c9hcaiQon/AGY7SRwdM4/zRYo="
    },
    "ms": {
      "version": "2.1.2",
      "resolved": "https://registry.npmjs.org/ms/-/ms-2.1.2.tgz",
      "integrity": "sha512-sGkPx+VjMtmA6MX27oA4FBFELFCZZ4S4XqeGOXCv68tT+jb3vk/RyaKWP0PTKyWtmLSM0b+adUTEvbs1PEaH2w=="
    },
    "redis-errors": {
      "version": "1.2.0",
      "resolved": "https://registry.npmjs.org/redis-errors/-/redis-errors-1.2.0.tgz",
      "integrity": "sha1-62LSrbFeTq9GEMBK/hUpOEJQq60="
    },
    "redis-parser": {
      "version": "3.0.0",
      "resolved": "https://registry.npmjs.org/redis-parser/-/redis-parser-3.0.0.tgz",
      "integrity": "sha1-tm2CjNyv5rS4pCin3vTGvKwxyLQ=",
      "requires": {
        "redis-errors": "^1.0.0"
      }
    },
    "standard-as-callback": {
      "version": "2.1.0",
      "resolved": "https://registry.npmjs.org/standard-as-callback/-/standard-as-callback-2.1.0.tgz",
      "integrity": "sha512-qoRRSyROncaz1z0mvYqIE4lCd9p2R90i6GxW3uZv5ucSu8tU7B5HXUP1gG8pVZsYNVaXjk8ClXHPttLyxAL48A=="
    },
    "universal-user-agent": {
      "version": "7.0.3",
      "resolved": "https://registry.npmjs.org/universal-user-agent/-/universal-user-agent-7.0.3.tgz",
      "integrity": "sha512-TmnEAEAsBJVZM/AADELsK76llnwcf9vMKuPz8JflO1frO8Lchitr0fNaN9d+Ap0BjKtqWqd/J17qeDnXh8CL2A=="
    }
  }
}
